
Microsoft Visual Studio Solution File, Format Version 12.00
# Visual Studio Version 16
VisualStudioVersion = 16.0.30330.147
MinimumVisualStudioVersion = 10.0.40219.1
Project("{FAE04EC0-301F-11D3-BF4B-00C04F79EFBC}") = "PingPongClient", "PingPongClient.csproj", "{0832249E-E887-47E2-B9C8-4172B6BD3DEB}"
EndProject
Global
	GlobalSection(SolutionConfigurationPlatforms) = preSolution
		Debug|Any CPU = Debug|Any CPU
		Release|Any CPU = Release|Any CPU
	EndGlobalSection
	GlobalSection(ProjectConfigurationPlatforms) = postSolution
		{0832249E-E887-47E2-B9C8-4172B6BD3DEB}.Debug|Any CPU.ActiveCfg = Debug|Any CPU
		{0832249E-E887-47E2-B9C8-4172B6BD3DEB}.Debug|Any CPU.Build.0 = Debug|Any CPU
		{0832249E-E887-47E2-B9C8-4172B6BD3DEB}.Release|Any CPU.ActiveCfg = Release|Any CPU
		{0832249E-E887-47E2-B9C8-4172B6BD3DEB}.Release|Any CPU.Build.0 = Release|Any CPU
	EndGlobalSection
	GlobalSection(SolutionProperties) = preSolution
		HideSolutionNode = FALSE
	EndGlobalSection
	GlobalSection(ExtensibilityGlobals) = postSolution
		SolutionGuid = {2D06F074-321F-4717-899D-7F1699D4616F}
	EndGlobalSection
EndGlobal
